
Microsoft Visual Studio Solution File, Format Version 12.00
# Visual Studio Version 17
VisualStudioVersion = 17.6.33723.286
MinimumVisualStudioVersion = 10.0.40219.1
Project("{8BC9CEB8-8B4A-11D0-8D11-00A0C91BC942}") = "UACBypass", "UACBypass.vcxproj", "{23436099-444C-467C-93FB-30824D11EF12}"
EndProject
Global
	GlobalSection(SolutionConfigurationPlatforms) = preSolution
		Debug|x64 = Debug|x64
		Debug|x86 = Debug|x86
		Release|x64 = Release|x64
		Release|x86 = Release|x86
	EndGlobalSection
	GlobalSection(ProjectConfigurationPlatforms) = postSolution
		{23436099-444C-467C-93FB-30824D11EF12}.Debug|x64.ActiveCfg = Debug|x64
		{23436099-444C-467C-93FB-30824D11EF12}.Debug|x64.Build.0 = Debug|x64
		{23436099-444C-467C-93FB-30824D11EF12}.Debug|x86.ActiveCfg = Debug|Win32
		{23436099-444C-467C-93FB-30824D11EF12}.Debug|x86.Build.0 = Debug|Win32
		{23436099-444C-467C-93FB-30824D11EF12}.Release|x64.ActiveCfg = Release|x64
		{23436099-444C-467C-93FB-30824D11EF12}.Release|x64.Build.0 = Release|x64
		{23436099-444C-467C-93FB-30824D11EF12}.Release|x86.ActiveCfg = Release|Win32
		{23436099-444C-467C-93FB-30824D11EF12}.Release|x86.Build.0 = Release|Win32
	EndGlobalSection
	GlobalSection(SolutionProperties) = preSolution
		HideSolutionNode = FALSE
	EndGlobalSection
	GlobalSection(ExtensibilityGlobals) = postSolution
		SolutionGuid = {B2C5C503-DCF5-461E-8EFB-5EC9C92173F8}
	EndGlobalSection
EndGlobal
